
Microsoft Visual Studio Solution File, Format Version 12.00
# Visual Studio Version 17
VisualStudioVersion = 17.5.002.0
MinimumVisualStudioVersion = 10.0.40219.1
Project("{9A19103F-16F7-4668-BE54-9A1E7A4F7556}") = "DesafioPOO", "DesafioPOO.csproj", "{9B554148-DB23-439A-9615-2B8208EC51EA}"
EndProject
Global
	GlobalSection(SolutionConfigurationPlatforms) = preSolution
		Debug|Any CPU = Debug|Any CPU
		Release|Any CPU = Release|Any CPU
	EndGlobalSection
	GlobalSection(ProjectConfigurationPlatforms) = postSolution
		{9B554148-DB23-439A-9615-2B8208EC51EA}.Debug|Any CPU.ActiveCfg = Debug|Any CPU
		{9B554148-DB23-439A-9615-2B8208EC51EA}.Debug|Any CPU.Build.0 = Debug|Any CPU
		{9B554148-DB23-439A-9615-2B8208EC51EA}.Release|Any CPU.ActiveCfg = Release|Any CPU
		{9B554148-DB23-439A-9615-2B8208EC51EA}.Release|Any CPU.Build.0 = Release|Any CPU
	EndGlobalSection
	GlobalSection(SolutionProperties) = preSolution
		HideSolutionNode = FALSE
	EndGlobalSection
	GlobalSection(ExtensibilityGlobals) = postSolution
		SolutionGuid = {7FABFC82-3D3C-4C92-9D11-700F7E7C07CF}
	EndGlobalSection
EndGlobal
